
Microsoft Visual Studio Solution File, Format Version 12.00
# Visual Studio Version 17
VisualStudioVersion = 17.2.32519.379
MinimumVisualStudioVersion = 10.0.40219.1
Project("{FAE04EC0-301F-11D3-BF4B-00C04F79EFBC}") = "troco_verificado", "troco_verificado\troco_verificado.csproj", "{F55470CD-662F-404F-BC3A-46BEA8A1AF8A}"
EndProject
Global
	GlobalSection(SolutionConfigurationPlatforms) = preSolution
		Debug|Any CPU = Debug|Any CPU
		Release|Any CPU = Release|Any CPU
	EndGlobalSection
	GlobalSection(ProjectConfigurationPlatforms) = postSolution
		{F55470CD-662F-404F-BC3A-46BEA8A1AF8A}.Debug|Any CPU.ActiveCfg = Debug|Any CPU
		{F55470CD-662F-404F-BC3A-46BEA8A1AF8A}.Debug|Any CPU.Build.0 = Debug|Any CPU
		{F55470CD-662F-404F-BC3A-46BEA8A1AF8A}.Release|Any CPU.ActiveCfg = Release|Any CPU
		{F55470CD-662F-404F-BC3A-46BEA8A1AF8A}.Release|Any CPU.Build.0 = Release|Any CPU
	EndGlobalSection
	GlobalSection(SolutionProperties) = preSolution
		HideSolutionNode = FALSE
	EndGlobalSection
	GlobalSection(ExtensibilityGlobals) = postSolution
		SolutionGuid = {8AA5DE42-D9CD-4CD9-930A-1CD79B3B39F1}
	EndGlobalSection
EndGlobal
