
Microsoft Visual Studio Solution File, Format Version 12.00
# Visual Studio Version 17
VisualStudioVersion = 17.2.32519.379
MinimumVisualStudioVersion = 10.0.40219.1
Project("{FAE04EC0-301F-11D3-BF4B-00C04F79EFBC}") = "temperatura", "temperatura\temperatura.csproj", "{8BC7392A-9AE4-4EAF-8CD8-0E5EE3D779CE}"
EndProject
Global
	GlobalSection(SolutionConfigurationPlatforms) = preSolution
		Debug|Any CPU = Debug|Any CPU
		Release|Any CPU = Release|Any CPU
	EndGlobalSection
	GlobalSection(ProjectConfigurationPlatforms) = postSolution
		{8BC7392A-9AE4-4EAF-8CD8-0E5EE3D779CE}.Debug|Any CPU.ActiveCfg = Debug|Any CPU
		{8BC7392A-9AE4-4EAF-8CD8-0E5EE3D779CE}.Debug|Any CPU.Build.0 = Debug|Any CPU
		{8BC7392A-9AE4-4EAF-8CD8-0E5EE3D779CE}.Release|Any CPU.ActiveCfg = Release|Any CPU
		{8BC7392A-9AE4-4EAF-8CD8-0E5EE3D779CE}.Release|Any CPU.Build.0 = Release|Any CPU
	EndGlobalSection
	GlobalSection(SolutionProperties) = preSolution
		HideSolutionNode = FALSE
	EndGlobalSection
	GlobalSection(ExtensibilityGlobals) = postSolution
		SolutionGuid = {E842C93D-406B-4427-B232-D5FAD10B3E85}
	EndGlobalSection
EndGlobal
