
Microsoft Visual Studio Solution File, Format Version 12.00
# Visual Studio Version 17
VisualStudioVersion = 17.2.32519.379
MinimumVisualStudioVersion = 10.0.40219.1
Project("{FAE04EC0-301F-11D3-BF4B-00C04F79EFBC}") = "combustivel", "combustivel\combustivel.csproj", "{BB6383FE-7CA6-4C78-9489-C0339FC9A397}"
EndProject
Global
	GlobalSection(SolutionConfigurationPlatforms) = preSolution
		Debug|Any CPU = Debug|Any CPU
		Release|Any CPU = Release|Any CPU
	EndGlobalSection
	GlobalSection(ProjectConfigurationPlatforms) = postSolution
		{BB6383FE-7CA6-4C78-9489-C0339FC9A397}.Debug|Any CPU.ActiveCfg = Debug|Any CPU
		{BB6383FE-7CA6-4C78-9489-C0339FC9A397}.Debug|Any CPU.Build.0 = Debug|Any CPU
		{BB6383FE-7CA6-4C78-9489-C0339FC9A397}.Release|Any CPU.ActiveCfg = Release|Any CPU
		{BB6383FE-7CA6-4C78-9489-C0339FC9A397}.Release|Any CPU.Build.0 = Release|Any CPU
	EndGlobalSection
	GlobalSection(SolutionProperties) = preSolution
		HideSolutionNode = FALSE
	EndGlobalSection
	GlobalSection(ExtensibilityGlobals) = postSolution
		SolutionGuid = {75611E58-0809-4342-BCFD-C61321806AA4}
	EndGlobalSection
EndGlobal
