
Microsoft Visual Studio Solution File, Format Version 12.00
# Visual Studio Version 17
VisualStudioVersion = 17.2.32519.379
MinimumVisualStudioVersion = 10.0.40219.1
Project("{FAE04EC0-301F-11D3-BF4B-00C04F79EFBC}") = "soma_linhas", "soma_linhas\soma_linhas.csproj", "{7EC60F3B-3697-47B5-B023-5C8237CBF2F7}"
EndProject
Global
	GlobalSection(SolutionConfigurationPlatforms) = preSolution
		Debug|Any CPU = Debug|Any CPU
		Release|Any CPU = Release|Any CPU
	EndGlobalSection
	GlobalSection(ProjectConfigurationPlatforms) = postSolution
		{7EC60F3B-3697-47B5-B023-5C8237CBF2F7}.Debug|Any CPU.ActiveCfg = Debug|Any CPU
		{7EC60F3B-3697-47B5-B023-5C8237CBF2F7}.Debug|Any CPU.Build.0 = Debug|Any CPU
		{7EC60F3B-3697-47B5-B023-5C8237CBF2F7}.Release|Any CPU.ActiveCfg = Release|Any CPU
		{7EC60F3B-3697-47B5-B023-5C8237CBF2F7}.Release|Any CPU.Build.0 = Release|Any CPU
	EndGlobalSection
	GlobalSection(SolutionProperties) = preSolution
		HideSolutionNode = FALSE
	EndGlobalSection
	GlobalSection(ExtensibilityGlobals) = postSolution
		SolutionGuid = {606DCD1F-A699-41C0-B806-7CDB2432A1A5}
	EndGlobalSection
EndGlobal
