
Microsoft Visual Studio Solution File, Format Version 12.00
# Visual Studio Version 17
VisualStudioVersion = 17.2.32519.379
MinimumVisualStudioVersion = 10.0.40219.1
Project("{FAE04EC0-301F-11D3-BF4B-00C04F79EFBC}") = "soma", "soma\soma.csproj", "{AC33725C-7A5E-4745-B49D-73DE72AEB176}"
EndProject
Global
	GlobalSection(SolutionConfigurationPlatforms) = preSolution
		Debug|Any CPU = Debug|Any CPU
		Release|Any CPU = Release|Any CPU
	EndGlobalSection
	GlobalSection(ProjectConfigurationPlatforms) = postSolution
		{AC33725C-7A5E-4745-B49D-73DE72AEB176}.Debug|Any CPU.ActiveCfg = Debug|Any CPU
		{AC33725C-7A5E-4745-B49D-73DE72AEB176}.Debug|Any CPU.Build.0 = Debug|Any CPU
		{AC33725C-7A5E-4745-B49D-73DE72AEB176}.Release|Any CPU.ActiveCfg = Release|Any CPU
		{AC33725C-7A5E-4745-B49D-73DE72AEB176}.Release|Any CPU.Build.0 = Release|Any CPU
	EndGlobalSection
	GlobalSection(SolutionProperties) = preSolution
		HideSolutionNode = FALSE
	EndGlobalSection
	GlobalSection(ExtensibilityGlobals) = postSolution
		SolutionGuid = {7A203CC0-CE1F-46DC-9147-142850A94FC5}
	EndGlobalSection
EndGlobal
