
Microsoft Visual Studio Solution File, Format Version 12.00
# Visual Studio Version 17
VisualStudioVersion = 17.2.32519.379
MinimumVisualStudioVersion = 10.0.40219.1
Project("{FAE04EC0-301F-11D3-BF4B-00C04F79EFBC}") = "soma_matrizes", "soma_matrizes\soma_matrizes.csproj", "{BCA3CF8A-B3F4-4E3E-9C07-BE3EAEE72828}"
EndProject
Global
	GlobalSection(SolutionConfigurationPlatforms) = preSolution
		Debug|Any CPU = Debug|Any CPU
		Release|Any CPU = Release|Any CPU
	EndGlobalSection
	GlobalSection(ProjectConfigurationPlatforms) = postSolution
		{BCA3CF8A-B3F4-4E3E-9C07-BE3EAEE72828}.Debug|Any CPU.ActiveCfg = Debug|Any CPU
		{BCA3CF8A-B3F4-4E3E-9C07-BE3EAEE72828}.Debug|Any CPU.Build.0 = Debug|Any CPU
		{BCA3CF8A-B3F4-4E3E-9C07-BE3EAEE72828}.Release|Any CPU.ActiveCfg = Release|Any CPU
		{BCA3CF8A-B3F4-4E3E-9C07-BE3EAEE72828}.Release|Any CPU.Build.0 = Release|Any CPU
	EndGlobalSection
	GlobalSection(SolutionProperties) = preSolution
		HideSolutionNode = FALSE
	EndGlobalSection
	GlobalSection(ExtensibilityGlobals) = postSolution
		SolutionGuid = {B1B2DFDE-1FEA-44CB-81B4-EBC5899BF039}
	EndGlobalSection
EndGlobal
