
Microsoft Visual Studio Solution File, Format Version 12.00
# Visual Studio Version 17
VisualStudioVersion = 17.2.32519.379
MinimumVisualStudioVersion = 10.0.40219.1
Project("{FAE04EC0-301F-11D3-BF4B-00C04F79EFBC}") = "crescente", "crescente\crescente.csproj", "{35EEB73E-9A02-459F-BCAA-5F3C3FAF0D2D}"
EndProject
Global
	GlobalSection(SolutionConfigurationPlatforms) = preSolution
		Debug|Any CPU = Debug|Any CPU
		Release|Any CPU = Release|Any CPU
	EndGlobalSection
	GlobalSection(ProjectConfigurationPlatforms) = postSolution
		{35EEB73E-9A02-459F-BCAA-5F3C3FAF0D2D}.Debug|Any CPU.ActiveCfg = Debug|Any CPU
		{35EEB73E-9A02-459F-BCAA-5F3C3FAF0D2D}.Debug|Any CPU.Build.0 = Debug|Any CPU
		{35EEB73E-9A02-459F-BCAA-5F3C3FAF0D2D}.Release|Any CPU.ActiveCfg = Release|Any CPU
		{35EEB73E-9A02-459F-BCAA-5F3C3FAF0D2D}.Release|Any CPU.Build.0 = Release|Any CPU
	EndGlobalSection
	GlobalSection(SolutionProperties) = preSolution
		HideSolutionNode = FALSE
	EndGlobalSection
	GlobalSection(ExtensibilityGlobals) = postSolution
		SolutionGuid = {767A56F5-FFC1-47E0-9DF3-4556CE5579D2}
	EndGlobalSection
EndGlobal
