
Microsoft Visual Studio Solution File, Format Version 12.00
# Visual Studio Version 17
VisualStudioVersion = 17.2.32519.379
MinimumVisualStudioVersion = 10.0.40219.1
Project("{FAE04EC0-301F-11D3-BF4B-00C04F79EFBC}") = "dentro_fora", "dentro_fora\dentro_fora.csproj", "{6038A3C7-5658-4550-A395-759CB01373F2}"
EndProject
Global
	GlobalSection(SolutionConfigurationPlatforms) = preSolution
		Debug|Any CPU = Debug|Any CPU
		Release|Any CPU = Release|Any CPU
	EndGlobalSection
	GlobalSection(ProjectConfigurationPlatforms) = postSolution
		{6038A3C7-5658-4550-A395-759CB01373F2}.Debug|Any CPU.ActiveCfg = Debug|Any CPU
		{6038A3C7-5658-4550-A395-759CB01373F2}.Debug|Any CPU.Build.0 = Debug|Any CPU
		{6038A3C7-5658-4550-A395-759CB01373F2}.Release|Any CPU.ActiveCfg = Release|Any CPU
		{6038A3C7-5658-4550-A395-759CB01373F2}.Release|Any CPU.Build.0 = Release|Any CPU
	EndGlobalSection
	GlobalSection(SolutionProperties) = preSolution
		HideSolutionNode = FALSE
	EndGlobalSection
	GlobalSection(ExtensibilityGlobals) = postSolution
		SolutionGuid = {E528691F-12B2-4B5E-9861-2BB9C416E57B}
	EndGlobalSection
EndGlobal
