
Microsoft Visual Studio Solution File, Format Version 12.00
# Visual Studio Version 17
VisualStudioVersion = 17.2.32519.379
MinimumVisualStudioVersion = 10.0.40219.1
Project("{FAE04EC0-301F-11D3-BF4B-00C04F79EFBC}") = "soma_vetor", "soma_vetor\soma_vetor.csproj", "{1E32B27E-799E-45DD-B7CA-151978A3F80A}"
EndProject
Global
	GlobalSection(SolutionConfigurationPlatforms) = preSolution
		Debug|Any CPU = Debug|Any CPU
		Release|Any CPU = Release|Any CPU
	EndGlobalSection
	GlobalSection(ProjectConfigurationPlatforms) = postSolution
		{1E32B27E-799E-45DD-B7CA-151978A3F80A}.Debug|Any CPU.ActiveCfg = Debug|Any CPU
		{1E32B27E-799E-45DD-B7CA-151978A3F80A}.Debug|Any CPU.Build.0 = Debug|Any CPU
		{1E32B27E-799E-45DD-B7CA-151978A3F80A}.Release|Any CPU.ActiveCfg = Release|Any CPU
		{1E32B27E-799E-45DD-B7CA-151978A3F80A}.Release|Any CPU.Build.0 = Release|Any CPU
	EndGlobalSection
	GlobalSection(SolutionProperties) = preSolution
		HideSolutionNode = FALSE
	EndGlobalSection
	GlobalSection(ExtensibilityGlobals) = postSolution
		SolutionGuid = {580AB9E3-4366-4755-A3FD-53576ABCC60A}
	EndGlobalSection
EndGlobal
