
Microsoft Visual Studio Solution File, Format Version 12.00
# Visual Studio Version 17
VisualStudioVersion = 17.2.32519.379
MinimumVisualStudioVersion = 10.0.40219.1
Project("{FAE04EC0-301F-11D3-BF4B-00C04F79EFBC}") = "circulo", "circulo\circulo.csproj", "{01FEE50D-862F-4D9A-956C-419377736ADD}"
EndProject
Global
	GlobalSection(SolutionConfigurationPlatforms) = preSolution
		Debug|Any CPU = Debug|Any CPU
		Release|Any CPU = Release|Any CPU
	EndGlobalSection
	GlobalSection(ProjectConfigurationPlatforms) = postSolution
		{01FEE50D-862F-4D9A-956C-419377736ADD}.Debug|Any CPU.ActiveCfg = Debug|Any CPU
		{01FEE50D-862F-4D9A-956C-419377736ADD}.Debug|Any CPU.Build.0 = Debug|Any CPU
		{01FEE50D-862F-4D9A-956C-419377736ADD}.Release|Any CPU.ActiveCfg = Release|Any CPU
		{01FEE50D-862F-4D9A-956C-419377736ADD}.Release|Any CPU.Build.0 = Release|Any CPU
	EndGlobalSection
	GlobalSection(SolutionProperties) = preSolution
		HideSolutionNode = FALSE
	EndGlobalSection
	GlobalSection(ExtensibilityGlobals) = postSolution
		SolutionGuid = {29DBFC5A-C30E-47C2-9F7C-C8E4DBFEB2E9}
	EndGlobalSection
EndGlobal
