
Microsoft Visual Studio Solution File, Format Version 12.00
# Visual Studio Version 17
VisualStudioVersion = 17.2.32519.379
MinimumVisualStudioVersion = 10.0.40219.1
Project("{FAE04EC0-301F-11D3-BF4B-00C04F79EFBC}") = "media_idades", "media_idades\media_idades.csproj", "{73344854-F96E-47BC-B999-091F3B3CCFCD}"
EndProject
Global
	GlobalSection(SolutionConfigurationPlatforms) = preSolution
		Debug|Any CPU = Debug|Any CPU
		Release|Any CPU = Release|Any CPU
	EndGlobalSection
	GlobalSection(ProjectConfigurationPlatforms) = postSolution
		{73344854-F96E-47BC-B999-091F3B3CCFCD}.Debug|Any CPU.ActiveCfg = Debug|Any CPU
		{73344854-F96E-47BC-B999-091F3B3CCFCD}.Debug|Any CPU.Build.0 = Debug|Any CPU
		{73344854-F96E-47BC-B999-091F3B3CCFCD}.Release|Any CPU.ActiveCfg = Release|Any CPU
		{73344854-F96E-47BC-B999-091F3B3CCFCD}.Release|Any CPU.Build.0 = Release|Any CPU
	EndGlobalSection
	GlobalSection(SolutionProperties) = preSolution
		HideSolutionNode = FALSE
	EndGlobalSection
	GlobalSection(ExtensibilityGlobals) = postSolution
		SolutionGuid = {E957823C-D93E-4C48-A5A3-4277A9899E75}
	EndGlobalSection
EndGlobal
